<?xml version="1.0" encoding="utf-8"?>
<Project ToolsVersion="4.0" xmlns="http://schemas.microsoft.com/developer/msbuild/2003">
  <ItemGroup>
    <Filter Include="source">
      <UniqueIdentifier>{87d776e9-27f1-4a69-9ad3-1f798f1a918c}</UniqueIdentifier>
      <Extensions>cpp;c;cxx;def;odl;idl;hpj;bat;asm</Extensions>
    </Filter>
    <Filter Include="include">
      <UniqueIdentifier>{ab34023f-65c7-4d1c-a7bb-a26da591e5d2}</UniqueIdentifier>
      <Extensions>h;hpp;hxx;hm;inl;inc</Extensions>
    </Filter>
    <Filter Include="resource">
      <UniqueIdentifier>{d1ab1977-44e6-482f-ad61-4320874c5219}</UniqueIdentifier>
      <Extensions>rc;ico;cur;bmp;dlg;rc2;rct;bin;rgs;jpg;jpeg;jpe;png;manifest</Extensions>
    </Filter>
  </ItemGroup>
  <ItemGroup>
    <Image Include="win32\res\PhysicsTest.ico">
      <Filter>resource</Filter>
    </Image>
    <Image Include="Resources\CloseSelected.png">
      <Filter>resource</Filter>
    </Image>
    <Image Include="Resources\CloseNormal.png">
      <Filter>resource</Filter>
    </Image>
    <Image Include="Resources\HelloWorld.png">
      <Filter>resource</Filter>
    </Image>
    <Image Include="Resources\BackButton.png">
      <Filter>resource</Filter>
    </Image>
    <Image Include="Resources\TouchWheel.png">
      <Filter>resource</Filter>
    </Image>
    <Image Include="Resources\NextButton.png">
      <Filter>resource</Filter>
    </Image>
    <Image Include="Resources\PreviousButton.png">
      <Filter>resource</Filter>
    </Image>
    <Image Include="Resources\ResetButton.png">
      <Filter>resource</Filter>
    </Image>
    <Image Include="Resources\TestObject.png">
      <Filter>resource</Filter>
    </Image>
    <Image Include="Resources\TouchPoint.png">
      <Filter>resource</Filter>
    </Image>
  </ItemGroup>
  <ItemGroup>
    <ResourceCompile Include="win32\PhysicsTest.rc">
      <Filter>resource</Filter>
    </ResourceCompile>
  </ItemGroup>
  <ItemGroup>
    <ClInclude Include="win32\resource.h">
      <Filter>include</Filter>
    </ClInclude>
    <ClInclude Include="win32\main.h">
      <Filter>include</Filter>
    </ClInclude>
    <ClInclude Include="Classes\TestScene.h">
      <Filter>include</Filter>
    </ClInclude>
    <ClInclude Include="Classes\AppDelegate.h">
      <Filter>include</Filter>
    </ClInclude>
    <ClInclude Include="Classes\MenuScene.h">
      <Filter>include</Filter>
    </ClInclude>
    <ClInclude Include="Classes\DynamicsTestScene.h">
      <Filter>include</Filter>
    </ClInclude>
    <ClInclude Include="Classes\CollisionTestScene.h">
      <Filter>include</Filter>
    </ClInclude>
    <ClInclude Include="Classes\GameFunctionTestScene.h">
      <Filter>include</Filter>
    </ClInclude>
    <ClInclude Include="Classes\TestTarget.h">
      <Filter>include</Filter>
    </ClInclude>
  </ItemGroup>
  <ItemGroup>
    <ClCompile Include="win32\main.cpp">
      <Filter>source</Filter>
    </ClCompile>
    <ClCompile Include="Classes\TestScene.cpp">
      <Filter>source</Filter>
    </ClCompile>
    <ClCompile Include="Classes\AppDelegate.cpp">
      <Filter>source</Filter>
    </ClCompile>
    <ClCompile Include="Classes\MenuScene.cpp">
      <Filter>source</Filter>
    </ClCompile>
    <ClCompile Include="Classes\dynamicsTest\AccelerationTest.cpp">
      <Filter>source</Filter>
    </ClCompile>
    <ClCompile Include="Classes\dynamicsTest\RotationTest.cpp">
      <Filter>source</Filter>
    </ClCompile>
    <ClCompile Include="Classes\dynamicsTest\RoturnTest.cpp">
      <Filter>source</Filter>
    </ClCompile>
    <ClCompile Include="Classes\dynamicsTest\SpinTest.cpp">
      <Filter>source</Filter>
    </ClCompile>
    <ClCompile Include="Classes\dynamicsTest\TimeControlTest.cpp">
      <Filter>source</Filter>
    </ClCompile>
    <ClCompile Include="Classes\dynamicsTest\TurnTest.cpp">
      <Filter>source</Filter>
    </ClCompile>
    <ClCompile Include="Classes\gameFunctionTest\TargetUnitTest.cpp">
      <Filter>source</Filter>
    </ClCompile>
    <ClCompile Include="Classes\collisionTest\CollisionTest.cpp">
      <Filter>source</Filter>
    </ClCompile>
    <ClCompile Include="Classes\gameFunctionTest\GameEventTest.cpp">
      <Filter>source</Filter>
    </ClCompile>
    <ClCompile Include="Classes\gameFunctionTest\CameraTest.cpp">
      <Filter>source</Filter>
    </ClCompile>
    <ClCompile Include="Classes\collisionTest\TerrainTest.cpp">
      <Filter>source</Filter>
    </ClCompile>
    <ClCompile Include="Classes\TestTarget.cpp">
      <Filter>source</Filter>
    </ClCompile>
  </ItemGroup>
</Project>